
Microsoft Visual Studio Solution File, Format Version 12.00
# Visual Studio Version 16
VisualStudioVersion = 16.0.31729.503
MinimumVisualStudioVersion = 10.0.40219.1
Project("{FAE04EC0-301F-11D3-BF4B-00C04F79EFBC}") = "T3H_Cap04", "T3H_Cap04\T3H_Cap04.csproj", "{F4CE62A0-0531-4BBA-8BB0-DA0466062A1C}"
EndProject
Global
	GlobalSection(SolutionConfigurationPlatforms) = preSolution
		Debug|Any CPU = Debug|Any CPU
		Release|Any CPU = Release|Any CPU
	EndGlobalSection
	GlobalSection(ProjectConfigurationPlatforms) = postSolution
		{F4CE62A0-0531-4BBA-8BB0-DA0466062A1C}.Debug|Any CPU.ActiveCfg = Debug|Any CPU
		{F4CE62A0-0531-4BBA-8BB0-DA0466062A1C}.Debug|Any CPU.Build.0 = Debug|Any CPU
		{F4CE62A0-0531-4BBA-8BB0-DA0466062A1C}.Release|Any CPU.ActiveCfg = Release|Any CPU
		{F4CE62A0-0531-4BBA-8BB0-DA0466062A1C}.Release|Any CPU.Build.0 = Release|Any CPU
	EndGlobalSection
	GlobalSection(SolutionProperties) = preSolution
		HideSolutionNode = FALSE
	EndGlobalSection
	GlobalSection(ExtensibilityGlobals) = postSolution
		SolutionGuid = {4E85EE29-E80C-497D-914A-C8404AD3150D}
	EndGlobalSection
EndGlobal
